{
  "name": "reddit-new-posts-node",
  "version": "1.0.0",
  "lockfileVersion": 1,
  "requires": true,
  "dependencies": {
    "electron-cgi": {
      "version": "0.0.5",
      "resolved": "https://registry.npmjs.org/electron-cgi/-/electron-cgi-0.0.5.tgz",
      "integrity": "sha512-e1gZ05x/J+ONdjF2fLs0PaFL9+JQftJ7n9DrmGPeH1YtEHXYu3flfrxDy6gmEM0qfuefdEuqebuuQppzXbIoJA==",
      "requires": {
        "uuid": "^3.3.2"
      }
    },
    "uuid": {
      "version": "3.3.3",
      "resolved": "https://registry.npmjs.org/uuid/-/uuid-3.3.3.tgz",
      "integrity": "sha512-pW0No1RGHgzlpHJO1nsVrHKpOEIxkGg1xB+v0ZmdNH5OAeAwzAVrCnI2/6Mtx+Uys6iaylxa+D3g4j63IKKjSQ=="
    }
  }
}
